
Microsoft Visual Studio Solution File, Format Version 12.00
# Visual Studio Version 17
VisualStudioVersion = 17.5.33502.453
MinimumVisualStudioVersion = 10.0.40219.1
Project("{9A19103F-16F7-4668-BE54-9A1E7A4F7556}") = "SiusData", "SiusData\SiusData.csproj", "{D3332E56-B92F-4E7A-A2ED-3D99B74CE772}"
EndProject
Project("{9A19103F-16F7-4668-BE54-9A1E7A4F7556}") = "SiusDataHelper", "SiusDataHelper\SiusDataHelper.csproj", "{1A597116-2B3D-47E0-A593-888778BBB594}"
EndProject
Global
	GlobalSection(SolutionConfigurationPlatforms) = preSolution
		Debug|Any CPU = Debug|Any CPU
		Release|Any CPU = Release|Any CPU
	EndGlobalSection
	GlobalSection(ProjectConfigurationPlatforms) = postSolution
		{D3332E56-B92F-4E7A-A2ED-3D99B74CE772}.Debug|Any CPU.ActiveCfg = Debug|Any CPU
		{D3332E56-B92F-4E7A-A2ED-3D99B74CE772}.Debug|Any CPU.Build.0 = Debug|Any CPU
		{D3332E56-B92F-4E7A-A2ED-3D99B74CE772}.Release|Any CPU.ActiveCfg = Release|Any CPU
		{D3332E56-B92F-4E7A-A2ED-3D99B74CE772}.Release|Any CPU.Build.0 = Release|Any CPU
		{1A597116-2B3D-47E0-A593-888778BBB594}.Debug|Any CPU.ActiveCfg = Debug|Any CPU
		{1A597116-2B3D-47E0-A593-888778BBB594}.Debug|Any CPU.Build.0 = Debug|Any CPU
		{1A597116-2B3D-47E0-A593-888778BBB594}.Release|Any CPU.ActiveCfg = Release|Any CPU
		{1A597116-2B3D-47E0-A593-888778BBB594}.Release|Any CPU.Build.0 = Release|Any CPU
	EndGlobalSection
	GlobalSection(SolutionProperties) = preSolution
		HideSolutionNode = FALSE
	EndGlobalSection
	GlobalSection(ExtensibilityGlobals) = postSolution
		SolutionGuid = {6031E477-2DC0-4F45-B650-EFFA5368C4B5}
	EndGlobalSection
EndGlobal
